Microsoft Visual Studio Solution File, Format Version 12.00
# Visual Studio Version 17
VisualStudioVersion = 17.5.2.0
MinimumVisualStudioVersion = 10.0.40219.1
Project("{FAE04EC0-301F-11D3-BF4B-00C04F79EFBC}") = "Terminal", "Terminal.csproj", "{34B802DB-004C-5863-40A2-130F76A6899B}"
EndProject
Project("{FAE04EC0-301F-11D3-BF4B-00C04F79EFBC}") = "Terminal.Tests", "Terminal.Tests\Terminal.Tests.csproj", "{428D913E-BC5D-9C2D-67CE-7671D26D59FF}"
EndProject
Global
	GlobalSection(SolutionConfigurationPlatforms) = preSolution
		Debug|Any CPU = Debug|Any CPU
		Release|Any CPU = Release|Any CPU
	EndGlobalSection
	GlobalSection(ProjectConfigurationPlatforms) = postSolution
		{34B802DB-004C-5863-40A2-130F76A6899B}.Debug|Any CPU.ActiveCfg = Debug|Any CPU
		{34B802DB-004C-5863-40A2-130F76A6899B}.Debug|Any CPU.Build.0 = Debug|Any CPU
		{34B802DB-004C-5863-40A2-130F76A6899B}.Release|Any CPU.ActiveCfg = Release|Any CPU
		{34B802DB-004C-5863-40A2-130F76A6899B}.Release|Any CPU.Build.0 = Release|Any CPU
		{428D913E-BC5D-9C2D-67CE-7671D26D59FF}.Debug|Any CPU.ActiveCfg = Debug|Any CPU
		{428D913E-BC5D-9C2D-67CE-7671D26D59FF}.Debug|Any CPU.Build.0 = Debug|Any CPU
		{428D913E-BC5D-9C2D-67CE-7671D26D59FF}.Release|Any CPU.ActiveCfg = Release|Any CPU
		{428D913E-BC5D-9C2D-67CE-7671D26D59FF}.Release|Any CPU.Build.0 = Release|Any CPU
	EndGlobalSection
	GlobalSection(SolutionProperties) = preSolution
		HideSolutionNode = FALSE
	EndGlobalSection
	GlobalSection(ExtensibilityGlobals) = postSolution
		SolutionGuid = {25B343FC-DA9A-447A-8CB7-EF07D8624A4D}
	EndGlobalSection
EndGlobal
